
Microsoft Visual Studio Solution File, Format Version 12.00
# Visual Studio Version 16
VisualStudioVersion = 16.0.29324.140
MinimumVisualStudioVersion = 10.0.40219.1
Project("{9A19103F-16F7-4668-BE54-9A1E7A4F7556}") = "MyCart.API", "MyCart.API\MyCart.API.csproj", "{4E50C18A-CD91-4EE5-A0C9-EA095522247C}"
EndProject
Project("{9A19103F-16F7-4668-BE54-9A1E7A4F7556}") = "MyCart.Repository", "MyCart.Repository\MyCart.Repository.csproj", "{559C7112-93BC-4A73-AADA-ADF3BF3FAF96}"
EndProject
Project("{9A19103F-16F7-4668-BE54-9A1E7A4F7556}") = "MyCart.Repository.Contracts", "MyCart.Repository.Contracts\MyCart.Repository.Contracts.csproj", "{F556D55C-4C06-48FA-A262-FA3BDAAB7048}"
EndProject
Project("{9A19103F-16F7-4668-BE54-9A1E7A4F7556}") = "MyCart.Repository.Models", "MyCart.Repository.Models\MyCart.Repository.Models.csproj", "{DE1865E3-132C-47E1-82D9-237405EB00A2}"
EndProject
Project("{9A19103F-16F7-4668-BE54-9A1E7A4F7556}") = "MyCart.Service", "MyCart.Service\MyCart.Service.csproj", "{9AD6E911-AF89-4B4E-886A-92EB08BC0D9B}"
EndProject
Project("{9A19103F-16F7-4668-BE54-9A1E7A4F7556}") = "MyCart.Service.Contracts", "MyCart.Service.Contracts\MyCart.Service.Contracts.csproj", "{34237D9A-8F4B-4C56-AB72-6B3CAF97BAC2}"
EndProject
Project("{9A19103F-16F7-4668-BE54-9A1E7A4F7556}") = "MyCart.Service.Models", "MyCart.Service.Models\MyCart.Service.Models.csproj", "{4086152D-3AF5-481E-8353-B23A6A0D0660}"
EndProject
Project("{FAE04EC0-301F-11D3-BF4B-00C04F79EFBC}") = "MyCart.Resources", "MyCart.Resources\MyCart.Resources.csproj", "{DB81B2EF-80DE-4E6C-91A2-7DA5AB505067}"
EndProject
Global
	GlobalSection(SolutionConfigurationPlatforms) = preSolution
		Debug|Any CPU = Debug|Any CPU
		Release|Any CPU = Release|Any CPU
	EndGlobalSection
	GlobalSection(ProjectConfigurationPlatforms) = postSolution
		{4E50C18A-CD91-4EE5-A0C9-EA095522247C}.Debug|Any CPU.ActiveCfg = Debug|Any CPU
		{4E50C18A-CD91-4EE5-A0C9-EA095522247C}.Debug|Any CPU.Build.0 = Debug|Any CPU
		{4E50C18A-CD91-4EE5-A0C9-EA095522247C}.Release|Any CPU.ActiveCfg = Release|Any CPU
		{4E50C18A-CD91-4EE5-A0C9-EA095522247C}.Release|Any CPU.Build.0 = Release|Any CPU
		{559C7112-93BC-4A73-AADA-ADF3BF3FAF96}.Debug|Any CPU.ActiveCfg = Debug|Any CPU
		{559C7112-93BC-4A73-AADA-ADF3BF3FAF96}.Debug|Any CPU.Build.0 = Debug|Any CPU
		{559C7112-93BC-4A73-AADA-ADF3BF3FAF96}.Release|Any CPU.ActiveCfg = Release|Any CPU
		{559C7112-93BC-4A73-AADA-ADF3BF3FAF96}.Release|Any CPU.Build.0 = Release|Any CPU
		{F556D55C-4C06-48FA-A262-FA3BDAAB7048}.Debug|Any CPU.ActiveCfg = Debug|Any CPU
		{F556D55C-4C06-48FA-A262-FA3BDAAB7048}.Debug|Any CPU.Build.0 = Debug|Any CPU
		{F556D55C-4C06-48FA-A262-FA3BDAAB7048}.Release|Any CPU.ActiveCfg = Release|Any CPU
		{F556D55C-4C06-48FA-A262-FA3BDAAB7048}.Release|Any CPU.Build.0 = Release|Any CPU
		{DE1865E3-132C-47E1-82D9-237405EB00A2}.Debug|Any CPU.ActiveCfg = Debug|Any CPU
		{DE1865E3-132C-47E1-82D9-237405EB00A2}.Debug|Any CPU.Build.0 = Debug|Any CPU
		{DE1865E3-132C-47E1-82D9-237405EB00A2}.Release|Any CPU.ActiveCfg = Release|Any CPU
		{DE1865E3-132C-47E1-82D9-237405EB00A2}.Release|Any CPU.Build.0 = Release|Any CPU
		{9AD6E911-AF89-4B4E-886A-92EB08BC0D9B}.Debug|Any CPU.ActiveCfg = Debug|Any CPU
		{9AD6E911-AF89-4B4E-886A-92EB08BC0D9B}.Debug|Any CPU.Build.0 = Debug|Any CPU
		{9AD6E911-AF89-4B4E-886A-92EB08BC0D9B}.Release|Any CPU.ActiveCfg = Release|Any CPU
		{9AD6E911-AF89-4B4E-886A-92EB08BC0D9B}.Release|Any CPU.Build.0 = Release|Any CPU
		{34237D9A-8F4B-4C56-AB72-6B3CAF97BAC2}.Debug|Any CPU.ActiveCfg = Debug|Any CPU
		{34237D9A-8F4B-4C56-AB72-6B3CAF97BAC2}.Debug|Any CPU.Build.0 = Debug|Any CPU
		{34237D9A-8F4B-4C56-AB72-6B3CAF97BAC2}.Release|Any CPU.ActiveCfg = Release|Any CPU
		{34237D9A-8F4B-4C56-AB72-6B3CAF97BAC2}.Release|Any CPU.Build.0 = Release|Any CPU
		{4086152D-3AF5-481E-8353-B23A6A0D0660}.Debug|Any CPU.ActiveCfg = Debug|Any CPU
		{4086152D-3AF5-481E-8353-B23A6A0D0660}.Debug|Any CPU.Build.0 = Debug|Any CPU
		{4086152D-3AF5-481E-8353-B23A6A0D0660}.Release|Any CPU.ActiveCfg = Release|Any CPU
		{4086152D-3AF5-481E-8353-B23A6A0D0660}.Release|Any CPU.Build.0 = Release|Any CPU
		{DB81B2EF-80DE-4E6C-91A2-7DA5AB505067}.Debug|Any CPU.ActiveCfg = Debug|Any CPU
		{DB81B2EF-80DE-4E6C-91A2-7DA5AB505067}.Debug|Any CPU.Build.0 = Debug|Any CPU
		{DB81B2EF-80DE-4E6C-91A2-7DA5AB505067}.Release|Any CPU.ActiveCfg = Release|Any CPU
		{DB81B2EF-80DE-4E6C-91A2-7DA5AB505067}.Release|Any CPU.Build.0 = Release|Any CPU
	EndGlobalSection
	GlobalSection(SolutionProperties) = preSolution
		HideSolutionNode = FALSE
	EndGlobalSection
	GlobalSection(ExtensibilityGlobals) = postSolution
		SolutionGuid = {846BC5E0-AAD9-464D-B013-9695E31F9A74}
	EndGlobalSection
EndGlobal
